
Microsoft Visual Studio Solution File, Format Version 12.00
# Visual Studio Version 17
VisualStudioVersion = 17.5.002.0
MinimumVisualStudioVersion = 10.0.40219.1
Project("{9A19103F-16F7-4668-BE54-9A1E7A4F7556}") = "Task2", "Task2\Task2.csproj", "{0E0CAFA0-89D8-4CF4-88DF-EB05CDEFE964}"
EndProject
Project("{9A19103F-16F7-4668-BE54-9A1E7A4F7556}") = "Task4", "Task4\Task4.csproj", "{F0629A6A-8F26-4BF6-9E62-596CE147CFA8}"
EndProject
Global
	GlobalSection(SolutionConfigurationPlatforms) = preSolution
		Debug|Any CPU = Debug|Any CPU
		Release|Any CPU = Release|Any CPU
	EndGlobalSection
	GlobalSection(ProjectConfigurationPlatforms) = postSolution
		{0E0CAFA0-89D8-4CF4-88DF-EB05CDEFE964}.Debug|Any CPU.ActiveCfg = Debug|Any CPU
		{0E0CAFA0-89D8-4CF4-88DF-EB05CDEFE964}.Debug|Any CPU.Build.0 = Debug|Any CPU
		{0E0CAFA0-89D8-4CF4-88DF-EB05CDEFE964}.Release|Any CPU.ActiveCfg = Release|Any CPU
		{0E0CAFA0-89D8-4CF4-88DF-EB05CDEFE964}.Release|Any CPU.Build.0 = Release|Any CPU
		{F0629A6A-8F26-4BF6-9E62-596CE147CFA8}.Debug|Any CPU.ActiveCfg = Debug|Any CPU
		{F0629A6A-8F26-4BF6-9E62-596CE147CFA8}.Debug|Any CPU.Build.0 = Debug|Any CPU
		{F0629A6A-8F26-4BF6-9E62-596CE147CFA8}.Release|Any CPU.ActiveCfg = Release|Any CPU
		{F0629A6A-8F26-4BF6-9E62-596CE147CFA8}.Release|Any CPU.Build.0 = Release|Any CPU
	EndGlobalSection
	GlobalSection(SolutionProperties) = preSolution
		HideSolutionNode = FALSE
	EndGlobalSection
	GlobalSection(ExtensibilityGlobals) = postSolution
		SolutionGuid = {BDEAD843-BE46-467C-AC48-1577071B1318}
	EndGlobalSection
EndGlobal
